Microsoft Visual Studio Solution File, Format Version 12.00
# Visual Studio Version 17
VisualStudioVersion = 17.0.31903.59
MinimumVisualStudioVersion = 10.0.40219.1
Project("{BC8A1FFA-BEE3-4634-8014-F334798102B3}") = "TextView", "TextView\TextView.vcxproj", "{9D2C0B3C-26B9-4F43-B950-4550B8D21850}"
EndProject
Project("{BC8A1FFA-BEE3-4634-8014-F334798102B3}") = "Neatpad", "Neatpad\Neatpad.vcxproj", "{7E3F82B5-0F6B-4432-8E0B-556B823411D4}"
	ProjectSection(ProjectDependencies) = postProject
		{9D2C0B3C-26B9-4F43-B950-4550B8D21850} = {9D2C0B3C-26B9-4F43-B950-4550B8D21850}
	EndProjectSection
EndProject
Global
	GlobalSection(SolutionConfigurationPlatforms) = preSolution
		Debug|Win32 = Debug|Win32
		Release|Win32 = Release|Win32
	EndGlobalSection
	GlobalSection(ProjectConfigurationPlatforms) = postSolution
		{9D2C0B3C-26B9-4F43-B950-4550B8D21850}.Debug|Win32.ActiveCfg = Debug|Win32
		{9D2C0B3C-26B9-4F43-B950-4550B8D21850}.Debug|Win32.Build.0 = Debug|Win32
		{9D2C0B3C-26B9-4F43-B950-4550B8D21850}.Release|Win32.ActiveCfg = Release|Win32
		{9D2C0B3C-26B9-4F43-B950-4550B8D21850}.Release|Win32.Build.0 = Release|Win32
		{7E3F82B5-0F6B-4432-8E0B-556B823411D4}.Debug|Win32.ActiveCfg = Debug|Win32
		{7E3F82B5-0F6B-4432-8E0B-556B823411D4}.Debug|Win32.Build.0 = Debug|Win32
		{7E3F82B5-0F6B-4432-8E0B-556B823411D4}.Release|Win32.ActiveCfg = Release|Win32
		{7E3F82B5-0F6B-4432-8E0B-556B823411D4}.Release|Win32.Build.0 = Release|Win32
	EndGlobalSection
	GlobalSection(SolutionProperties) = preSolution
		HideSolutionNode = FALSE
	EndGlobalSection
EndGlobal