<?xml version="1.0" encoding="utf-8"?>
<Project ToolsVersion="4.0" xmlns="http://schemas.microsoft.com/developer/msbuild/2003">
  <ItemGroup>
    <Filter Include="Source Files">
      <UniqueIdentifier>{9A4D7EE4-EC5D-4759-9E5E-5BF6AB4711FE}</UniqueIdentifier>
    </Filter>
    <Filter Include="Header Files">
      <UniqueIdentifier>{C96F333E-A970-4EF3-9E71-B13AC2FDD70F}</UniqueIdentifier>
    </Filter>
    <Filter Include="Resource Files">
      <UniqueIdentifier>{9748A69C-BCDA-4A65-B924-C4D5B0BBF51D}</UniqueIdentifier>
    </Filter>
  </ItemGroup>
  <ItemGroup>
    <ClCompile Include="Neatpad.c">
      <Filter>Source Files</Filter>
    </ClCompile>
    <ClCompile Include="NeatUtils.c">
      <Filter>Source Files</Filter>
    </ClCompile>
    <ClCompile Include="Options.c">
      <Filter>Source Files</Filter>
    </ClCompile>
    <ClCompile Include="OptionsDisplay.c">
      <Filter>Source Files</Filter>
    </ClCompile>
    <ClCompile Include="OptionsFont.c">
      <Filter>Source Files</Filter>
    </ClCompile>
    <ClCompile Include="OptionsMisc.c">
      <Filter>Source Files</Filter>
    </ClCompile>
    <ClCompile Include="Printing.c">
      <Filter>Source Files</Filter>
    </ClCompile>
  </ItemGroup>
  <ItemGroup>
    <ClInclude Include="Neatpad.h">
      <Filter>Header Files</Filter>
    </ClInclude>
    <ClInclude Include="resource.h">
      <Filter>Header Files</Filter>
    </ClInclude>
  </ItemGroup>
  <ItemGroup>
    <ResourceCompile Include="resource.rc">
      <Filter>Source Files</Filter>
    </ResourceCompile>
  </ItemGroup>
  <ItemGroup>
    <Image Include="bitmap1.bmp">
      <Filter>Resource Files</Filter>
    </Image>
    <Image Include="bitmap2.bmp">
      <Filter>Resource Files</Filter>
    </Image>
    <Image Include="icon1.ico">
      <Filter>Resource Files</Filter>
    </Image>
    <Image Include="icon2.ico">
      <Filter>Resource Files</Filter>
    </Image>
  </ItemGroup>
</Project>