<?xml version="1.0" encoding="utf-8"?>
<Project ToolsVersion="4.0" xmlns="http://schemas.microsoft.com/developer/msbuild/2003">
  <ItemGroup>
    <Filter Include="Source Files">
      <UniqueIdentifier>{9A4D7EE4-EC5D-4759-9E5E-5BF6AB4711FE}</UniqueIdentifier>
    </Filter>
    <Filter Include="Header Files">
      <UniqueIdentifier>{C96F333E-A970-4EF3-9E71-B13AC2FDD70F}</UniqueIdentifier>
    </Filter>
    <Filter Include="Resource Files">
      <UniqueIdentifier>{9748A69C-BCDA-4A65-B924-C4D5B0BBF51D}</UniqueIdentifier>
    </Filter>
  </ItemGroup>
  <ItemGroup>
    <ClCompile Include="sequence.cpp">
      <Filter>Source Files</Filter>
    </ClCompile>
    <ClCompile Include="sequence_buf.cpp">
      <Filter>Source Files</Filter>
    </ClCompile>
    <ClCompile Include="sequence_lines.cpp">
      <Filter>Source Files</Filter>
    </ClCompile>
    <ClCompile Include="TextDocument.cpp">
      <Filter>Source Files</Filter>
    </ClCompile>
    <ClCompile Include="TextDocumentCoord.cpp">
      <Filter>Source Files</Filter>
    </ClCompile>
    <ClCompile Include="TextLineMapper.cpp">
      <Filter>Source Files</Filter>
    </ClCompile>
    <ClCompile Include="TextView.cpp">
      <Filter>Source Files</Filter>
    </ClCompile>
    <ClCompile Include="TextViewClipboard.cpp">
      <Filter>Source Files</Filter>
    </ClCompile>
    <ClCompile Include="TextViewFile.cpp">
      <Filter>Source Files</Filter>
    </ClCompile>
    <ClCompile Include="TextViewFont.cpp">
      <Filter>Source Files</Filter>
    </ClCompile>
    <ClCompile Include="TextViewKeyInput.cpp">
      <Filter>Source Files</Filter>
    </ClCompile>
    <ClCompile Include="TextViewKeyNav.cpp">
      <Filter>Source Files</Filter>
    </ClCompile>
    <ClCompile Include="TextViewMouse.cpp">
      <Filter>Source Files</Filter>
    </ClCompile>
    <ClCompile Include="TextViewPaint.cpp">
      <Filter>Source Files</Filter>
    </ClCompile>
    <ClCompile Include="TextViewScroll.cpp">
      <Filter>Source Files</Filter>
    </ClCompile>
    <ClCompile Include="TextViewSyntax.cpp">
      <Filter>Source Files</Filter>
    </ClCompile>
    <ClCompile Include="Unicode.c">
      <Filter>Source Files</Filter>
    </ClCompile>
  </ItemGroup>
  <ItemGroup>
    <ClInclude Include="codepages.h">
      <Filter>Header Files</Filter>
    </ClInclude>
    <ClInclude Include="sequence.h">
      <Filter>Header Files</Filter>
    </ClInclude>
    <ClInclude Include="TextDocument.h">
      <Filter>Header Files</Filter>
    </ClInclude>
    <ClInclude Include="TextLineMapper.h">
      <Filter>Header Files</Filter>
    </ClInclude>
    <ClInclude Include="TextView.h">
      <Filter>Header Files</Filter>
    </ClInclude>
    <ClInclude Include="TextViewInternal.h">
      <Filter>Header Files</Filter>
    </ClInclude>
    <ClInclude Include="Unicode.h">
      <Filter>Header Files</Filter>
    </ClInclude>
  </ItemGroup>
</Project>
